
Microsoft Visual Studio Solution File, Format Version 12.00
# Visual Studio Version 16
VisualStudioVersion = 16.0.29215.179
MinimumVisualStudioVersion = 10.0.40219.1
Project("{8BC9CEB8-8B4A-11D0-8D11-00A0C91BC942}") = "EGL_es30", "Common\Common.vcxproj", "{685F032A-E2A0-481B-9AB8-0517CEAEFEA7}"
EndProject
Project("{8BC9CEB8-8B4A-11D0-8D11-00A0C91BC942}") = "TinyEngine", "TinyEngine\TinyEngine.vcxproj", "{BB39CFDE-A4CA-448E-A3D9-9C1E30A45BC9}"
EndProject
Project("{8BC9CEB8-8B4A-11D0-8D11-00A0C91BC942}") = "GLFW_GL44", "GLFW_GL44\GLFW_GL44.vcxproj", "{BA209BC4-ED54-4B6D-84E9-04671CCA7582}"
EndProject
Global
	GlobalSection(SolutionConfigurationPlatforms) = preSolution
		Debug|x64 = Debug|x64
		Debug|x86 = Debug|x86
		Release|x64 = Release|x64
		Release|x86 = Release|x86
	EndGlobalSection
	GlobalSection(ProjectConfigurationPlatforms) = postSolution
		{685F032A-E2A0-481B-9AB8-0517CEAEFEA7}.Debug|x64.ActiveCfg = Debug|x64
		{685F032A-E2A0-481B-9AB8-0517CEAEFEA7}.Debug|x64.Build.0 = Debug|x64
		{685F032A-E2A0-481B-9AB8-0517CEAEFEA7}.Debug|x86.ActiveCfg = Debug|Win32
		{685F032A-E2A0-481B-9AB8-0517CEAEFEA7}.Debug|x86.Build.0 = Debug|Win32
		{685F032A-E2A0-481B-9AB8-0517CEAEFEA7}.Release|x64.ActiveCfg = Release|x64
		{685F032A-E2A0-481B-9AB8-0517CEAEFEA7}.Release|x64.Build.0 = Release|x64
		{685F032A-E2A0-481B-9AB8-0517CEAEFEA7}.Release|x86.ActiveCfg = Release|Win32
		{685F032A-E2A0-481B-9AB8-0517CEAEFEA7}.Release|x86.Build.0 = Release|Win32
		{BB39CFDE-A4CA-448E-A3D9-9C1E30A45BC9}.Debug|x64.ActiveCfg = Debug|x64
		{BB39CFDE-A4CA-448E-A3D9-9C1E30A45BC9}.Debug|x64.Build.0 = Debug|x64
		{BB39CFDE-A4CA-448E-A3D9-9C1E30A45BC9}.Debug|x86.ActiveCfg = Debug|Win32
		{BB39CFDE-A4CA-448E-A3D9-9C1E30A45BC9}.Debug|x86.Build.0 = Debug|Win32
		{BB39CFDE-A4CA-448E-A3D9-9C1E30A45BC9}.Release|x64.ActiveCfg = Release|x64
		{BB39CFDE-A4CA-448E-A3D9-9C1E30A45BC9}.Release|x64.Build.0 = Release|x64
		{BB39CFDE-A4CA-448E-A3D9-9C1E30A45BC9}.Release|x86.ActiveCfg = Release|Win32
		{BB39CFDE-A4CA-448E-A3D9-9C1E30A45BC9}.Release|x86.Build.0 = Release|Win32
		{BA209BC4-ED54-4B6D-84E9-04671CCA7582}.Debug|x64.ActiveCfg = Debug|x64
		{BA209BC4-ED54-4B6D-84E9-04671CCA7582}.Debug|x64.Build.0 = Debug|x64
		{BA209BC4-ED54-4B6D-84E9-04671CCA7582}.Debug|x86.ActiveCfg = Debug|Win32
		{BA209BC4-ED54-4B6D-84E9-04671CCA7582}.Debug|x86.Build.0 = Debug|Win32
		{BA209BC4-ED54-4B6D-84E9-04671CCA7582}.Release|x64.ActiveCfg = Release|x64
		{BA209BC4-ED54-4B6D-84E9-04671CCA7582}.Release|x64.Build.0 = Release|x64
		{BA209BC4-ED54-4B6D-84E9-04671CCA7582}.Release|x86.ActiveCfg = Release|Win32
		{BA209BC4-ED54-4B6D-84E9-04671CCA7582}.Release|x86.Build.0 = Release|Win32
	EndGlobalSection
	GlobalSection(SolutionProperties) = preSolution
		HideSolutionNode = FALSE
	EndGlobalSection
	GlobalSection(ExtensibilityGlobals) = postSolution
		SolutionGuid = {E9B7F44C-152C-4920-85E5-10F6D232F208}
	EndGlobalSection
EndGlobal
