<?xml version="1.0" encoding="utf-8"?>
<Project ToolsVersion="4.0" xmlns="http://schemas.microsoft.com/developer/msbuild/2003">
  <ItemGroup>
    <Filter Include="Scripts">
      <UniqueIdentifier>{318520f5-92ac-411c-869d-e4077a8efb79}</UniqueIdentifier>
    </Filter>
    <Filter Include="TEngine">
      <UniqueIdentifier>{2663bb93-7e3f-46bb-b376-f5686e8e78d4}</UniqueIdentifier>
    </Filter>
    <Filter Include="Tool">
      <UniqueIdentifier>{bc655cdb-5e7f-4776-b687-63b0269c42c6}</UniqueIdentifier>
    </Filter>
    <Filter Include="TEngine\Components">
      <UniqueIdentifier>{9d520516-a7b1-42bf-98c5-4206946af178}</UniqueIdentifier>
    </Filter>
    <Filter Include="TEngine\DrawCommand">
      <UniqueIdentifier>{482f663d-3076-42bd-bc8e-d4ccd6955c28}</UniqueIdentifier>
    </Filter>
    <Filter Include="TEngine\External">
      <UniqueIdentifier>{f264c2d8-87db-4825-b3f7-2846ba2608f5}</UniqueIdentifier>
    </Filter>
    <Filter Include="TEngine\Material">
      <UniqueIdentifier>{4a62c45f-f28d-4626-b5e6-ea6fad5983df}</UniqueIdentifier>
    </Filter>
    <Filter Include="TEngine\UI">
      <UniqueIdentifier>{fd819daa-fd66-4e18-8f9b-2974d357a19e}</UniqueIdentifier>
    </Filter>
  </ItemGroup>
  <ItemGroup>
    <ClCompile Include="BoardCtr.cpp">
      <Filter>Scripts</Filter>
    </ClCompile>
    <ClCompile Include="CameraCtr.cpp">
      <Filter>Scripts</Filter>
    </ClCompile>
    <ClCompile Include="Script.cpp">
      <Filter>Scripts</Filter>
    </ClCompile>
    <ClCompile Include="SelfRot.cpp">
      <Filter>Scripts</Filter>
    </ClCompile>
    <ClCompile Include="BeltStrip.cpp">
      <Filter>Scripts</Filter>
    </ClCompile>
    <ClCompile Include="Polygon.cpp">
      <Filter>Tool</Filter>
    </ClCompile>
    <ClCompile Include="Debug.cpp">
      <Filter>TEngine</Filter>
    </ClCompile>
    <ClCompile Include="FileSystem.cpp">
      <Filter>TEngine</Filter>
    </ClCompile>
    <ClCompile Include="Global.cpp">
      <Filter>TEngine</Filter>
    </ClCompile>
    <ClCompile Include="Input.cpp">
      <Filter>TEngine</Filter>
    </ClCompile>
    <ClCompile Include="Object.cpp">
      <Filter>TEngine</Filter>
    </ClCompile>
    <ClCompile Include="Texture.cpp">
      <Filter>TEngine</Filter>
    </ClCompile>
    <ClCompile Include="tinyEngine.cpp">
      <Filter>TEngine</Filter>
    </ClCompile>
    <ClCompile Include="Camera.cpp">
      <Filter>TEngine\Components</Filter>
    </ClCompile>
    <ClCompile Include="Component.cpp">
      <Filter>TEngine\Components</Filter>
    </ClCompile>
    <ClCompile Include="MeshFilter.cpp">
      <Filter>TEngine\Components</Filter>
    </ClCompile>
    <ClCompile Include="ReflectProb.cpp">
      <Filter>TEngine\Components</Filter>
    </ClCompile>
    <ClCompile Include="Render.cpp">
      <Filter>TEngine\Components</Filter>
    </ClCompile>
    <ClCompile Include="DrawCmd.cpp">
      <Filter>TEngine\DrawCommand</Filter>
    </ClCompile>
    <ClCompile Include="DrawCmdBelt.cpp">
      <Filter>TEngine\DrawCommand</Filter>
    </ClCompile>
    <ClCompile Include="Mesh.cpp">
      <Filter>TEngine\DrawCommand</Filter>
    </ClCompile>
    <ClCompile Include="BeltStripMat.cpp">
      <Filter>TEngine\Material</Filter>
    </ClCompile>
    <ClCompile Include="Material.cpp">
      <Filter>TEngine\Material</Filter>
    </ClCompile>
    <ClCompile Include="MatSkyBox.cpp">
      <Filter>TEngine\Material</Filter>
    </ClCompile>
    <ClCompile Include="Standard.cpp">
      <Filter>TEngine\Material</Filter>
    </ClCompile>
    <ClCompile Include="MyTif.cpp">
      <Filter>TEngine\External</Filter>
    </ClCompile>
    <ClCompile Include="Font.cpp">
      <Filter>TEngine\UI</Filter>
    </ClCompile>
    <ClCompile Include="Text.cpp">
      <Filter>TEngine\UI</Filter>
    </ClCompile>
    <ClCompile Include="UI.cpp">
      <Filter>TEngine\UI</Filter>
    </ClCompile>
    <ClCompile Include="Terrain.cpp">
      <Filter>Tool</Filter>
    </ClCompile>
  </ItemGroup>
  <ItemGroup>
    <ClInclude Include="Standard.h">
      <Filter>TEngine\Material</Filter>
    </ClInclude>
    <ClInclude Include="MatSkyBox.h">
      <Filter>TEngine\Material</Filter>
    </ClInclude>
    <ClInclude Include="Material.h">
      <Filter>TEngine\Material</Filter>
    </ClInclude>
    <ClInclude Include="Component.h">
      <Filter>TEngine\Components</Filter>
    </ClInclude>
    <ClInclude Include="Camera.h">
      <Filter>TEngine\Components</Filter>
    </ClInclude>
    <ClInclude Include="MeshFilter.h">
      <Filter>TEngine\Components</Filter>
    </ClInclude>
    <ClInclude Include="Render.h">
      <Filter>TEngine\Components</Filter>
    </ClInclude>
    <ClInclude Include="ReflectProb.h">
      <Filter>TEngine\Components</Filter>
    </ClInclude>
    <ClInclude Include="UI.h">
      <Filter>TEngine\UI</Filter>
    </ClInclude>
    <ClInclude Include="Text.h">
      <Filter>TEngine\UI</Filter>
    </ClInclude>
    <ClInclude Include="Font.h">
      <Filter>TEngine\UI</Filter>
    </ClInclude>
    <ClInclude Include="BoardCtr.h">
      <Filter>Scripts</Filter>
    </ClInclude>
    <ClInclude Include="CameraCtr.h">
      <Filter>Scripts</Filter>
    </ClInclude>
    <ClInclude Include="Script.h">
      <Filter>Scripts</Filter>
    </ClInclude>
    <ClInclude Include="SelfRot.h">
      <Filter>Scripts</Filter>
    </ClInclude>
    <ClInclude Include="MyTif.h">
      <Filter>TEngine\External</Filter>
    </ClInclude>
    <ClInclude Include="BeltStrip.h">
      <Filter>Scripts</Filter>
    </ClInclude>
    <ClInclude Include="Polygon.h">
      <Filter>Tool</Filter>
    </ClInclude>
    <ClInclude Include="BeltStripMat.h">
      <Filter>TEngine\Material</Filter>
    </ClInclude>
    <ClInclude Include="Mesh.h">
      <Filter>TEngine\DrawCommand</Filter>
    </ClInclude>
    <ClInclude Include="DrawCmd.h">
      <Filter>TEngine\DrawCommand</Filter>
    </ClInclude>
    <ClInclude Include="DrawCmdBelt.h">
      <Filter>TEngine\DrawCommand</Filter>
    </ClInclude>
    <ClInclude Include="DataDef.h">
      <Filter>TEngine</Filter>
    </ClInclude>
    <ClInclude Include="Debug.h">
      <Filter>TEngine</Filter>
    </ClInclude>
    <ClInclude Include="FileSystem.h">
      <Filter>TEngine</Filter>
    </ClInclude>
    <ClInclude Include="Global.h">
      <Filter>TEngine</Filter>
    </ClInclude>
    <ClInclude Include="Input.h">
      <Filter>TEngine</Filter>
    </ClInclude>
    <ClInclude Include="Object.h">
      <Filter>TEngine</Filter>
    </ClInclude>
    <ClInclude Include="OpenglUtil.h">
      <Filter>TEngine</Filter>
    </ClInclude>
    <ClInclude Include="resource.h">
      <Filter>TEngine</Filter>
    </ClInclude>
    <ClInclude Include="Texture.h">
      <Filter>TEngine</Filter>
    </ClInclude>
    <ClInclude Include="Terrain.h">
      <Filter>Tool</Filter>
    </ClInclude>
  </ItemGroup>
</Project>