<?xml version="1.0" encoding="utf-8"?>
<Project ToolsVersion="4.0" xmlns="http://schemas.microsoft.com/developer/msbuild/2003">
  <ItemGroup>
    <Filter Include="资源文件">
      <UniqueIdentifier>{67DA6AB6-F800-4c08-8B7A-83BB121AAD01}</UniqueIdentifier>
      <Extensions>rc;ico;cur;bmp;dlg;rc2;rct;bin;rgs;gif;jpg;jpeg;jpe;resx;tiff;tif;png;wav;mfcribbon-ms</Extensions>
    </Filter>
    <Filter Include="Scripts">
      <UniqueIdentifier>{318520f5-92ac-411c-869d-e4077a8efb79}</UniqueIdentifier>
    </Filter>
    <Filter Include="TEngine">
      <UniqueIdentifier>{2663bb93-7e3f-46bb-b376-f5686e8e78d4}</UniqueIdentifier>
    </Filter>
    <Filter Include="TEngine\头文件">
      <UniqueIdentifier>{083c2e84-c397-450e-8df3-d48f3f89516a}</UniqueIdentifier>
    </Filter>
    <Filter Include="TEngine\头文件\Components">
      <UniqueIdentifier>{9d520516-a7b1-42bf-98c5-4206946af178}</UniqueIdentifier>
    </Filter>
    <Filter Include="TEngine\头文件\Material">
      <UniqueIdentifier>{4a62c45f-f28d-4626-b5e6-ea6fad5983df}</UniqueIdentifier>
    </Filter>
    <Filter Include="TEngine\源文件">
      <UniqueIdentifier>{4FC737F1-C7A5-4376-A066-2A32D752A2FF}</UniqueIdentifier>
      <Extensions>cpp;c;cc;cxx;def;odl;idl;hpj;bat;asm;asmx</Extensions>
    </Filter>
    <Filter Include="TEngine\源文件\Materials">
      <UniqueIdentifier>{1f50714e-f5a6-4405-b96e-1bad3c529e12}</UniqueIdentifier>
    </Filter>
    <Filter Include="TEngine\源文件\Components">
      <UniqueIdentifier>{609c73f1-2c8f-4eda-abf1-8da49e4cdc9e}</UniqueIdentifier>
    </Filter>
    <Filter Include="TEngine\源文件\UI">
      <UniqueIdentifier>{14c36431-7e75-408a-90a2-3702b56ee223}</UniqueIdentifier>
    </Filter>
    <Filter Include="TEngine\头文件\UI">
      <UniqueIdentifier>{fd819daa-fd66-4e18-8f9b-2974d357a19e}</UniqueIdentifier>
    </Filter>
    <Filter Include="TEngine\头文件\External">
      <UniqueIdentifier>{f264c2d8-87db-4825-b3f7-2846ba2608f5}</UniqueIdentifier>
    </Filter>
    <Filter Include="TEngine\源文件\External">
      <UniqueIdentifier>{867d84d7-f801-426f-a538-4779c20b004e}</UniqueIdentifier>
    </Filter>
    <Filter Include="TEngine\头文件\ToolSets">
      <UniqueIdentifier>{5da18594-12d2-47d0-9c35-92768f2a6648}</UniqueIdentifier>
    </Filter>
    <Filter Include="TEngine\源文件\ToolSets">
      <UniqueIdentifier>{94def6b8-42e7-4ed9-95d1-4e240c8f852c}</UniqueIdentifier>
    </Filter>
  </ItemGroup>
  <ItemGroup>
    <ClCompile Include="Material.cpp">
      <Filter>TEngine\源文件\Materials</Filter>
    </ClCompile>
    <ClCompile Include="Standard.cpp">
      <Filter>TEngine\源文件\Materials</Filter>
    </ClCompile>
    <ClCompile Include="MatSkyBox.cpp">
      <Filter>TEngine\源文件\Materials</Filter>
    </ClCompile>
    <ClCompile Include="UI.cpp">
      <Filter>TEngine\源文件\UI</Filter>
    </ClCompile>
    <ClCompile Include="Text.cpp">
      <Filter>TEngine\源文件\UI</Filter>
    </ClCompile>
    <ClCompile Include="Font.cpp">
      <Filter>TEngine\源文件\UI</Filter>
    </ClCompile>
    <ClCompile Include="BoardCtr.cpp">
      <Filter>Scripts</Filter>
    </ClCompile>
    <ClCompile Include="CameraCtr.cpp">
      <Filter>Scripts</Filter>
    </ClCompile>
    <ClCompile Include="Script.cpp">
      <Filter>Scripts</Filter>
    </ClCompile>
    <ClCompile Include="SelfRot.cpp">
      <Filter>Scripts</Filter>
    </ClCompile>
    <ClCompile Include="Camera.cpp">
      <Filter>TEngine\源文件\Components</Filter>
    </ClCompile>
    <ClCompile Include="Component.cpp">
      <Filter>TEngine\源文件\Components</Filter>
    </ClCompile>
    <ClCompile Include="MeshFilter.cpp">
      <Filter>TEngine\源文件\Components</Filter>
    </ClCompile>
    <ClCompile Include="ReflectProb.cpp">
      <Filter>TEngine\源文件\Components</Filter>
    </ClCompile>
    <ClCompile Include="Render.cpp">
      <Filter>TEngine\源文件\Components</Filter>
    </ClCompile>
    <ClCompile Include="Debug.cpp">
      <Filter>TEngine\源文件</Filter>
    </ClCompile>
    <ClCompile Include="FileSystem.cpp">
      <Filter>TEngine\源文件</Filter>
    </ClCompile>
    <ClCompile Include="Global.cpp">
      <Filter>TEngine\源文件</Filter>
    </ClCompile>
    <ClCompile Include="Input.cpp">
      <Filter>TEngine\源文件</Filter>
    </ClCompile>
    <ClCompile Include="Mesh.cpp">
      <Filter>TEngine\源文件</Filter>
    </ClCompile>
    <ClCompile Include="Object.cpp">
      <Filter>TEngine\源文件</Filter>
    </ClCompile>
    <ClCompile Include="Texture.cpp">
      <Filter>TEngine\源文件</Filter>
    </ClCompile>
    <ClCompile Include="tinyEngine.cpp">
      <Filter>TEngine\源文件</Filter>
    </ClCompile>
    <ClCompile Include="MyTif.cpp">
      <Filter>TEngine\源文件\External</Filter>
    </ClCompile>
    <ClCompile Include="Terrain.cpp">
      <Filter>TEngine\源文件\ToolSets</Filter>
    </ClCompile>
  </ItemGroup>
  <ItemGroup>
    <ClInclude Include="Standard.h">
      <Filter>TEngine\头文件\Material</Filter>
    </ClInclude>
    <ClInclude Include="MatSkyBox.h">
      <Filter>TEngine\头文件\Material</Filter>
    </ClInclude>
    <ClInclude Include="Material.h">
      <Filter>TEngine\头文件\Material</Filter>
    </ClInclude>
    <ClInclude Include="Component.h">
      <Filter>TEngine\头文件\Components</Filter>
    </ClInclude>
    <ClInclude Include="Camera.h">
      <Filter>TEngine\头文件\Components</Filter>
    </ClInclude>
    <ClInclude Include="MeshFilter.h">
      <Filter>TEngine\头文件\Components</Filter>
    </ClInclude>
    <ClInclude Include="Render.h">
      <Filter>TEngine\头文件\Components</Filter>
    </ClInclude>
    <ClInclude Include="ReflectProb.h">
      <Filter>TEngine\头文件\Components</Filter>
    </ClInclude>
    <ClInclude Include="UI.h">
      <Filter>TEngine\头文件\UI</Filter>
    </ClInclude>
    <ClInclude Include="Text.h">
      <Filter>TEngine\头文件\UI</Filter>
    </ClInclude>
    <ClInclude Include="Font.h">
      <Filter>TEngine\头文件\UI</Filter>
    </ClInclude>
    <ClInclude Include="BoardCtr.h">
      <Filter>Scripts</Filter>
    </ClInclude>
    <ClInclude Include="CameraCtr.h">
      <Filter>Scripts</Filter>
    </ClInclude>
    <ClInclude Include="Script.h">
      <Filter>Scripts</Filter>
    </ClInclude>
    <ClInclude Include="SelfRot.h">
      <Filter>Scripts</Filter>
    </ClInclude>
    <ClInclude Include="DataDef.h">
      <Filter>TEngine\头文件</Filter>
    </ClInclude>
    <ClInclude Include="Debug.h">
      <Filter>TEngine\头文件</Filter>
    </ClInclude>
    <ClInclude Include="FileSystem.h">
      <Filter>TEngine\头文件</Filter>
    </ClInclude>
    <ClInclude Include="Global.h">
      <Filter>TEngine\头文件</Filter>
    </ClInclude>
    <ClInclude Include="Input.h">
      <Filter>TEngine\头文件</Filter>
    </ClInclude>
    <ClInclude Include="Mesh.h">
      <Filter>TEngine\头文件</Filter>
    </ClInclude>
    <ClInclude Include="Object.h">
      <Filter>TEngine\头文件</Filter>
    </ClInclude>
    <ClInclude Include="resource.h">
      <Filter>TEngine\头文件</Filter>
    </ClInclude>
    <ClInclude Include="Texture.h">
      <Filter>TEngine\头文件</Filter>
    </ClInclude>
    <ClInclude Include="MyTif.h">
      <Filter>TEngine\头文件\External</Filter>
    </ClInclude>
    <ClInclude Include="Terrain.h">
      <Filter>TEngine\头文件\ToolSets</Filter>
    </ClInclude>
  </ItemGroup>
  <ItemGroup>
    <ResourceCompile Include="TinyEngine.rc">
      <Filter>资源文件</Filter>
    </ResourceCompile>
  </ItemGroup>
</Project>