<?xml version="1.0" encoding="utf-8"?>
<Project ToolsVersion="4.0" xmlns="http://schemas.microsoft.com/developer/msbuild/2003">
  <ItemGroup>
    <Filter Include="Scripts">
      <UniqueIdentifier>{318520f5-92ac-411c-869d-e4077a8efb79}</UniqueIdentifier>
    </Filter>
    <Filter Include="TEngine">
      <UniqueIdentifier>{2663bb93-7e3f-46bb-b376-f5686e8e78d4}</UniqueIdentifier>
    </Filter>
    <Filter Include="TEngine\Components">
      <UniqueIdentifier>{9d520516-a7b1-42bf-98c5-4206946af178}</UniqueIdentifier>
    </Filter>
    <Filter Include="TEngine\DrawCommand">
      <UniqueIdentifier>{482f663d-3076-42bd-bc8e-d4ccd6955c28}</UniqueIdentifier>
    </Filter>
    <Filter Include="TEngine\External">
      <UniqueIdentifier>{f264c2d8-87db-4825-b3f7-2846ba2608f5}</UniqueIdentifier>
    </Filter>
    <Filter Include="TEngine\UI">
      <UniqueIdentifier>{fd819daa-fd66-4e18-8f9b-2974d357a19e}</UniqueIdentifier>
    </Filter>
    <Filter Include="TEngine\Physics">
      <UniqueIdentifier>{03a47a75-349e-48c1-a9a2-f992dce53849}</UniqueIdentifier>
    </Filter>
    <Filter Include="TEngine\Materials">
      <UniqueIdentifier>{4a62c45f-f28d-4626-b5e6-ea6fad5983df}</UniqueIdentifier>
    </Filter>
    <Filter Include="Tools">
      <UniqueIdentifier>{bc655cdb-5e7f-4776-b687-63b0269c42c6}</UniqueIdentifier>
    </Filter>
  </ItemGroup>
  <ItemGroup>
    <ClCompile Include="Scripts\BeltStrip.cpp">
      <Filter>Scripts</Filter>
    </ClCompile>
    <ClCompile Include="Scripts\BoardCtr.cpp">
      <Filter>Scripts</Filter>
    </ClCompile>
    <ClCompile Include="Scripts\CameraCtr.cpp">
      <Filter>Scripts</Filter>
    </ClCompile>
    <ClCompile Include="Scripts\SelfRot.cpp">
      <Filter>Scripts</Filter>
    </ClCompile>
    <ClCompile Include="Engine\Materials\BeltStripMat.cpp">
      <Filter>TEngine\Materials</Filter>
    </ClCompile>
    <ClCompile Include="Engine\Materials\Material.cpp">
      <Filter>TEngine\Materials</Filter>
    </ClCompile>
    <ClCompile Include="Engine\Materials\MatSkyBox.cpp">
      <Filter>TEngine\Materials</Filter>
    </ClCompile>
    <ClCompile Include="Engine\Materials\Standard.cpp">
      <Filter>TEngine\Materials</Filter>
    </ClCompile>
    <ClCompile Include="Tools\Debug.cpp">
      <Filter>Tools</Filter>
    </ClCompile>
    <ClCompile Include="Tools\Polygon.cpp">
      <Filter>Tools</Filter>
    </ClCompile>
    <ClCompile Include="Tools\Terrain.cpp">
      <Filter>Tools</Filter>
    </ClCompile>
    <ClCompile Include="Engine\External\MyTif.cpp">
      <Filter>TEngine\External</Filter>
    </ClCompile>
    <ClCompile Include="Engine\FileSystem.cpp">
      <Filter>TEngine</Filter>
    </ClCompile>
    <ClCompile Include="Engine\Global.cpp">
      <Filter>TEngine</Filter>
    </ClCompile>
    <ClCompile Include="Engine\Input.cpp">
      <Filter>TEngine</Filter>
    </ClCompile>
    <ClCompile Include="Engine\Object.cpp">
      <Filter>TEngine</Filter>
    </ClCompile>
    <ClCompile Include="Engine\Texture.cpp">
      <Filter>TEngine</Filter>
    </ClCompile>
    <ClCompile Include="tinyEngine.cpp" />
    <ClCompile Include="Engine\Components\Camera.cpp">
      <Filter>TEngine\Components</Filter>
    </ClCompile>
    <ClCompile Include="Engine\Components\Component.cpp">
      <Filter>TEngine\Components</Filter>
    </ClCompile>
    <ClCompile Include="Engine\Components\ReflectProb.cpp">
      <Filter>TEngine\Components</Filter>
    </ClCompile>
    <ClCompile Include="Engine\Components\Render.cpp">
      <Filter>TEngine\Components</Filter>
    </ClCompile>
    <ClCompile Include="Engine\Components\Script.cpp">
      <Filter>TEngine\Components</Filter>
    </ClCompile>
    <ClCompile Include="Engine\Components\Transform.cpp">
      <Filter>TEngine\Components</Filter>
    </ClCompile>
    <ClCompile Include="Engine\DrawCommand\DrawCmd.cpp">
      <Filter>TEngine\DrawCommand</Filter>
    </ClCompile>
    <ClCompile Include="Engine\DrawCommand\DrawCmdBelt.cpp">
      <Filter>TEngine\DrawCommand</Filter>
    </ClCompile>
    <ClCompile Include="Engine\DrawCommand\Mesh.cpp">
      <Filter>TEngine\DrawCommand</Filter>
    </ClCompile>
    <ClCompile Include="Engine\Physics\Physics.cpp">
      <Filter>TEngine\Physics</Filter>
    </ClCompile>
    <ClCompile Include="Engine\UI\Font.cpp">
      <Filter>TEngine\UI</Filter>
    </ClCompile>
    <ClCompile Include="Engine\UI\Text.cpp">
      <Filter>TEngine\UI</Filter>
    </ClCompile>
    <ClCompile Include="Engine\UI\UI.cpp">
      <Filter>TEngine\UI</Filter>
    </ClCompile>
    <ClCompile Include="Engine\Components\DrawCmdFilter.cpp">
      <Filter>TEngine\Components</Filter>
    </ClCompile>
  </ItemGroup>
  <ItemGroup>
    <ClInclude Include="Scripts\BeltStrip.h">
      <Filter>Scripts</Filter>
    </ClInclude>
    <ClInclude Include="Scripts\BoardCtr.h">
      <Filter>Scripts</Filter>
    </ClInclude>
    <ClInclude Include="Scripts\CameraCtr.h">
      <Filter>Scripts</Filter>
    </ClInclude>
    <ClInclude Include="Scripts\SelfRot.h">
      <Filter>Scripts</Filter>
    </ClInclude>
    <ClInclude Include="Engine\Materials\BeltStripMat.h">
      <Filter>TEngine\Materials</Filter>
    </ClInclude>
    <ClInclude Include="Engine\Materials\Material.h">
      <Filter>TEngine\Materials</Filter>
    </ClInclude>
    <ClInclude Include="Engine\Materials\MatSkyBox.h">
      <Filter>TEngine\Materials</Filter>
    </ClInclude>
    <ClInclude Include="Engine\Materials\Standard.h">
      <Filter>TEngine\Materials</Filter>
    </ClInclude>
    <ClInclude Include="Tools\Debug.h">
      <Filter>Tools</Filter>
    </ClInclude>
    <ClInclude Include="Tools\Polygon.h">
      <Filter>Tools</Filter>
    </ClInclude>
    <ClInclude Include="Tools\Terrain.h">
      <Filter>Tools</Filter>
    </ClInclude>
    <ClInclude Include="Engine\External\MyTif.h">
      <Filter>TEngine\External</Filter>
    </ClInclude>
    <ClInclude Include="Engine\DataDef.h">
      <Filter>TEngine</Filter>
    </ClInclude>
    <ClInclude Include="Engine\FileSystem.h">
      <Filter>TEngine</Filter>
    </ClInclude>
    <ClInclude Include="Engine\Global.h">
      <Filter>TEngine</Filter>
    </ClInclude>
    <ClInclude Include="Engine\Input.h">
      <Filter>TEngine</Filter>
    </ClInclude>
    <ClInclude Include="Engine\Object.h">
      <Filter>TEngine</Filter>
    </ClInclude>
    <ClInclude Include="Engine\OpenglUtil.h">
      <Filter>TEngine</Filter>
    </ClInclude>
    <ClInclude Include="Engine\resource.h">
      <Filter>TEngine</Filter>
    </ClInclude>
    <ClInclude Include="Engine\Texture.h">
      <Filter>TEngine</Filter>
    </ClInclude>
    <ClInclude Include="Engine\Components\Camera.h">
      <Filter>TEngine\Components</Filter>
    </ClInclude>
    <ClInclude Include="Engine\Components\Component.h">
      <Filter>TEngine\Components</Filter>
    </ClInclude>
    <ClInclude Include="Engine\Components\ReflectProb.h">
      <Filter>TEngine\Components</Filter>
    </ClInclude>
    <ClInclude Include="Engine\Components\Render.h">
      <Filter>TEngine\Components</Filter>
    </ClInclude>
    <ClInclude Include="Engine\Components\Script.h">
      <Filter>TEngine\Components</Filter>
    </ClInclude>
    <ClInclude Include="Engine\Components\Transform.h">
      <Filter>TEngine\Components</Filter>
    </ClInclude>
    <ClInclude Include="Engine\DrawCommand\DrawCmd.h">
      <Filter>TEngine\DrawCommand</Filter>
    </ClInclude>
    <ClInclude Include="Engine\DrawCommand\DrawCmdBelt.h">
      <Filter>TEngine\DrawCommand</Filter>
    </ClInclude>
    <ClInclude Include="Engine\DrawCommand\Mesh.h">
      <Filter>TEngine\DrawCommand</Filter>
    </ClInclude>
    <ClInclude Include="Engine\Physics\Physics.h">
      <Filter>TEngine\Physics</Filter>
    </ClInclude>
    <ClInclude Include="Engine\UI\Font.h">
      <Filter>TEngine\UI</Filter>
    </ClInclude>
    <ClInclude Include="Engine\UI\Text.h">
      <Filter>TEngine\UI</Filter>
    </ClInclude>
    <ClInclude Include="Engine\UI\UI.h">
      <Filter>TEngine\UI</Filter>
    </ClInclude>
    <ClInclude Include="Engine\Components\DrawCmdFilter.h">
      <Filter>TEngine\Components</Filter>
    </ClInclude>
    <ClInclude Include="Engine\Materials\shaders.h" />
  </ItemGroup>
</Project>